{
  "name": "clerk-nextjs-starter",
  "lockfileVersion": 2,
  "requires": true,
  "packages": {
    "": {
      "name": "clerk-nextjs-starter",
      "dependencies": {
        "@clerk/nextjs": "^3.6.0",
        "next": "^12.1.2",
        "react": "17.0.2",
        "react-dom": "17.0.2"
      },
      "devDependencies": {
        "@types/react": "^17.0.41",
        "prettier": "^2.6.0",
        "typescript": "^4.6.2"
      }
    },
    "node_modules/@clerk/backend-core": {
      "version": "1.6.0",
      "license": "MIT",
      "dependencies": {
        "@clerk/types": "^2.10.0",
        "camelcase-keys": "^7.0.1",
        "query-string": "^7.0.1",
        "snakecase-keys": "^5.1.2",
        "tslib": "^2.3.1"
      }
    },
    "node_modules/@clerk/backend-core/node_modules/camelcase": {
      "version": "6.3.0",
      "license": "MIT",
      "engines": {
        "node": ">=10"
      },
      "funding": {
        "url": "https://github.com/sponsors/sindresorhus"
      }
    },
    "node_modules/@clerk/backend-core/node_modules/camelcase-keys": {
      "version": "7.0.2",
      "license": "MIT",
      "dependencies": {
        "camelcase": "^6.3.0",
        "map-obj": "^4.1.0",
        "quick-lru": "^5.1.1",
        "type-fest": "^1.2.1"
      },
      "engines": {
        "node": ">=12"
      },
      "funding": {
        "url": "https://github.com/sponsors/sindresorhus"
      }
    },
    "node_modules/@clerk/backend-core/node_modules/quick-lru": {
      "version": "5.1.1",
      "license": "MIT",
      "engines": {
        "node": ">=10"
      },
      "funding": {
        "url": "https://github.com/sponsors/sindresorhus"
      }
    },
    "node_modules/@clerk/backend-core/node_modules/snakecase-keys": {
      "version": "5.4.1",
      "license": "MIT",
      "dependencies": {
        "map-obj": "^4.1.0",
        "snake-case": "^3.0.4",
        "type-fest": "^2.5.2"
      },
      "engines": {
        "node": ">=12"
      }
    },
    "node_modules/@clerk/backend-core/node_modules/snakecase-keys/node_modules/type-fest": {
      "version": "2.12.2",
      "license": "(MIT OR CC0-1.0)",
      "engines": {
        "node": ">=12.20"
      },
      "funding": {
        "url": "https://github.com/sponsors/sindresorhus"
      }
    },
    "node_modules/@clerk/clerk-react": {
      "version": "3.2.13",
      "license": "MIT",
      "dependencies": {
        "@clerk/types": "^2.10.0",
        "tslib": "^2.3.1"
      },
      "engines": {
        "node": ">=14"
      },
      "peerDependencies": {
        "react": ">=16"
      }
    },
    "node_modules/@clerk/clerk-sdk-node": {
      "version": "3.4.0",
      "license": "MIT",
      "dependencies": {
        "@clerk/backend-core": "^1.6.0",
        "@clerk/types": "^2.10.0",
        "@peculiar/webcrypto": "^1.2.3",
        "camelcase-keys": "^6.2.2",
        "cookies": "^0.8.0",
        "deepmerge": "^4.2.2",
        "got": "^11.8.2",
        "jsonwebtoken": "^8.5.1",
        "jwks-rsa": "^2.0.4",
        "snakecase-keys": "^3.2.1",
        "tslib": "^2.3.1"
      },
      "engines": {
        "node": ">=12"
      }
    },
    "node_modules/@clerk/edge": {
      "version": "1.4.0",
      "license": "MIT",
      "dependencies": {
        "@clerk/backend-core": "^1.6.0",
        "@peculiar/webcrypto": "^1.2.3",
        "next": "^12.0.7"
      },
      "engines": {
        "node": ">=12"
      }
    },
    "node_modules/@clerk/nextjs": {
      "version": "3.6.0",
      "license": "MIT",
      "dependencies": {
        "@clerk/clerk-react": "^3.2.13",
        "@clerk/clerk-sdk-node": "^3.4.0",
        "@clerk/edge": "^1.4.0",
        "@clerk/types": "^2.10.0",
        "tslib": "^2.3.1"
      },
      "engines": {
        "node": ">=14"
      },
      "peerDependencies": {
        "next": ">=10"
      }
    },
    "node_modules/@clerk/types": {
      "version": "2.10.0",
      "license": "MIT",
      "engines": {
        "node": ">=14"
      }
    },
    "node_modules/@next/env": {
      "version": "12.1.2",
      "license": "MIT"
    },
    "node_modules/@next/swc-win32-x64-msvc": {
      "version": "12.1.2",
      "cpu": [
        "x64"
      ],
      "license": "MIT",
      "optional": true,
      "os": [
        "win32"
      ],
      "engines": {
        "node": ">= 10"
      }
    },
    "node_modules/@panva/asn1.js": {
      "version": "1.0.0",
      "license": "MIT",
      "engines": {
        "node": ">=10.13.0"
      }
    },
    "node_modules/@peculiar/asn1-schema": {
      "version": "2.1.0",
      "license": "MIT",
      "dependencies": {
        "@types/asn1js": "^2.0.2",
        "asn1js": "^2.3.1",
        "pvtsutils": "^1.2.1",
        "tslib": "^2.3.1"
      }
    },
    "node_modules/@peculiar/json-schema": {
      "version": "1.1.12",
      "license": "MIT",
      "dependencies": {
        "tslib": "^2.0.0"
      },
      "engines": {
        "node": ">=8.0.0"
      }
    },
    "node_modules/@peculiar/webcrypto": {
      "version": "1.3.3",
      "license": "MIT",
      "dependencies": {
        "@peculiar/asn1-schema": "^2.1.0",
        "@peculiar/json-schema": "^1.1.12",
        "pvtsutils": "^1.2.2",
        "tslib": "^2.3.1",
        "webcrypto-core": "^1.7.2"
      },
      "engines": {
        "node": ">=10.12.0"
      }
    },
    "node_modules/@sindresorhus/is": {
      "version": "4.6.0",
      "license": "MIT",
      "engines": {
        "node": ">=10"
      },
      "funding": {
        "url": "https://github.com/sindresorhus/is?sponsor=1"
      }
    },
    "node_modules/@szmarczak/http-timer": {
      "version": "4.0.6",
      "license": "MIT",
      "dependencies": {
        "defer-to-connect": "^2.0.0"
      },
      "engines": {
        "node": ">=10"
      }
    },
    "node_modules/@types/asn1js": {
      "version": "2.0.2",
      "license": "MIT"
    },
    "node_modules/@types/body-parser": {
      "version": "1.19.2",
      "license": "MIT",
      "dependencies": {
        "@types/connect": "*",
        "@types/node": "*"
      }
    },
    "node_modules/@types/cacheable-request": {
      "version": "6.0.2",
      "license": "MIT",
      "dependencies": {
        "@types/http-cache-semantics": "*",
        "@types/keyv": "*",
        "@types/node": "*",
        "@types/responselike": "*"
      }
    },
    "node_modules/@types/connect": {
      "version": "3.4.35",
      "license": "MIT",
      "dependencies": {
        "@types/node": "*"
      }
    },
    "node_modules/@types/express": {
      "version": "4.17.13",
      "license": "MIT",
      "dependencies": {
        "@types/body-parser": "*",
        "@types/express-serve-static-core": "^4.17.18",
        "@types/qs": "*",
        "@types/serve-static": "*"
      }
    },
    "node_modules/@types/express-serve-static-core": {
      "version": "4.17.28",
      "license": "MIT",
      "dependencies": {
        "@types/node": "*",
        "@types/qs": "*",
        "@types/range-parser": "*"
      }
    },
    "node_modules/@types/http-cache-semantics": {
      "version": "4.0.1",
      "license": "MIT"
    },
    "node_modules/@types/json-buffer": {
      "version": "3.0.0",
      "license": "MIT"
    },
    "node_modules/@types/keyv": {
      "version": "3.1.4",
      "license": "MIT",
      "dependencies": {
        "@types/node": "*"
      }
    },
    "node_modules/@types/mime": {
      "version": "1.3.2",
      "license": "MIT"
    },
    "node_modules/@types/node": {
      "version": "17.0.31",
      "license": "MIT"
    },
    "node_modules/@types/prop-types": {
      "version": "15.7.4",
      "dev": true,
      "license": "MIT"
    },
    "node_modules/@types/qs": {
      "version": "6.9.7",
      "license": "MIT"
    },
    "node_modules/@types/range-parser": {
      "version": "1.2.4",
      "license": "MIT"
    },
    "node_modules/@types/react": {
      "version": "17.0.43",
      "dev": true,
      "license": "MIT",
      "dependencies": {
        "@types/prop-types": "*",
        "@types/scheduler": "*",
        "csstype": "^3.0.2"
      }
    },
    "node_modules/@types/responselike": {
      "version": "1.0.0",
      "license": "MIT",
      "dependencies": {
        "@types/node": "*"
      }
    },
    "node_modules/@types/scheduler": {
      "version": "0.16.2",
      "dev": true,
      "license": "MIT"
    },
    "node_modules/@types/serve-static": {
      "version": "1.13.10",
      "license": "MIT",
      "dependencies": {
        "@types/mime": "^1",
        "@types/node": "*"
      }
    },
    "node_modules/asn1js": {
      "version": "2.4.0",
      "license": "BSD-3-Clause",
      "dependencies": {
        "pvutils": "^1.1.3"
      },
      "engines": {
        "node": ">=6.0.0"
      }
    },
    "node_modules/buffer-equal-constant-time": {
      "version": "1.0.1",
      "license": "BSD-3-Clause"
    },
    "node_modules/cacheable-lookup": {
      "version": "5.0.4",
      "license": "MIT",
      "engines": {
        "node": ">=10.6.0"
      }
    },
    "node_modules/cacheable-request": {
      "version": "7.0.2",
      "license": "MIT",
      "dependencies": {
        "clone-response": "^1.0.2",
        "get-stream": "^5.1.0",
        "http-cache-semantics": "^4.0.0",
        "keyv": "^4.0.0",
        "lowercase-keys": "^2.0.0",
        "normalize-url": "^6.0.1",
        "responselike": "^2.0.0"
      },
      "engines": {
        "node": ">=8"
      }
    },
    "node_modules/camelcase": {
      "version": "5.3.1",
      "license": "MIT",
      "engines": {
        "node": ">=6"
      }
    },
    "node_modules/camelcase-keys": {
      "version": "6.2.2",
      "license": "MIT",
      "dependencies": {
        "camelcase": "^5.3.1",
        "map-obj": "^4.0.0",
        "quick-lru": "^4.0.1"
      },
      "engines": {
        "node": ">=8"
      },
      "funding": {
        "url": "https://github.com/sponsors/sindresorhus"
      }
    },
    "node_modules/caniuse-lite": {
      "version": "1.0.30001322",
      "funding": [
        {
          "type": "opencollective",
          "url": "https://opencollective.com/browserslist"
        },
        {
          "type": "tidelift",
          "url": "https://tidelift.com/funding/github/npm/caniuse-lite"
        }
      ],
      "license": "CC-BY-4.0"
    },
    "node_modules/clone-response": {
      "version": "1.0.2",
      "license": "MIT",
      "dependencies": {
        "mimic-response": "^1.0.0"
      }
    },
    "node_modules/compress-brotli": {
      "version": "1.3.8",
      "license": "MIT",
      "dependencies": {
        "@types/json-buffer": "~3.0.0",
        "json-buffer": "~3.0.1"
      },
      "engines": {
        "node": ">= 12"
      }
    },
    "node_modules/cookies": {
      "version": "0.8.0",
      "license": "MIT",
      "dependencies": {
        "depd": "~2.0.0",
        "keygrip": "~1.1.0"
      },
      "engines": {
        "node": ">= 0.8"
      }
    },
    "node_modules/csstype": {
      "version": "3.0.11",
      "dev": true,
      "license": "MIT"
    },
    "node_modules/debug": {
      "version": "4.3.4",
      "license": "MIT",
      "dependencies": {
        "ms": "2.1.2"
      },
      "engines": {
        "node": ">=6.0"
      },
      "peerDependenciesMeta": {
        "supports-color": {
          "optional": true
        }
      }
    },
    "node_modules/debug/node_modules/ms": {
      "version": "2.1.2",
      "license": "MIT"
    },
    "node_modules/decode-uri-component": {
      "version": "0.2.0",
      "license": "MIT",
      "engines": {
        "node": ">=0.10"
      }
    },
    "node_modules/decompress-response": {
      "version": "6.0.0",
      "license": "MIT",
      "dependencies": {
        "mimic-response": "^3.1.0"
      },
      "engines": {
        "node": ">=10"
      },
      "funding": {
        "url": "https://github.com/sponsors/sindresorhus"
      }
    },
    "node_modules/decompress-response/node_modules/mimic-response": {
      "version": "3.1.0",
      "license": "MIT",
      "engines": {
        "node": ">=10"
      },
      "funding": {
        "url": "https://github.com/sponsors/sindresorhus"
      }
    },
    "node_modules/deepmerge": {
      "version": "4.2.2",
      "license": "MIT",
      "engines": {
        "node": ">=0.10.0"
      }
    },
    "node_modules/defer-to-connect": {
      "version": "2.0.1",
      "license": "MIT",
      "engines": {
        "node": ">=10"
      }
    },
    "node_modules/depd": {
      "version": "2.0.0",
      "license": "MIT",
      "engines": {
        "node": ">= 0.8"
      }
    },
    "node_modules/dot-case": {
      "version": "3.0.4",
      "license": "MIT",
      "dependencies": {
        "no-case": "^3.0.4",
        "tslib": "^2.0.3"
      }
    },
    "node_modules/ecdsa-sig-formatter": {
      "version": "1.0.11",
      "license": "Apache-2.0",
      "dependencies": {
        "safe-buffer": "^5.0.1"
      }
    },
    "node_modules/end-of-stream": {
      "version": "1.4.4",
      "license": "MIT",
      "dependencies": {
        "once": "^1.4.0"
      }
    },
    "node_modules/filter-obj": {
      "version": "1.1.0",
      "license": "MIT",
      "engines": {
        "node": ">=0.10.0"
      }
    },
    "node_modules/get-stream": {
      "version": "5.2.0",
      "license": "MIT",
      "dependencies": {
        "pump": "^3.0.0"
      },
      "engines": {
        "node": ">=8"
      },
      "funding": {
        "url": "https://github.com/sponsors/sindresorhus"
      }
    },
    "node_modules/got": {
      "version": "11.8.3",
      "license": "MIT",
      "dependencies": {
        "@sindresorhus/is": "^4.0.0",
        "@szmarczak/http-timer": "^4.0.5",
        "@types/cacheable-request": "^6.0.1",
        "@types/responselike": "^1.0.0",
        "cacheable-lookup": "^5.0.3",
        "cacheable-request": "^7.0.2",
        "decompress-response": "^6.0.0",
        "http2-wrapper": "^1.0.0-beta.5.2",
        "lowercase-keys": "^2.0.0",
        "p-cancelable": "^2.0.0",
        "responselike": "^2.0.0"
      },
      "engines": {
        "node": ">=10.19.0"
      },
      "funding": {
        "url": "https://github.com/sindresorhus/got?sponsor=1"
      }
    },
    "node_modules/http-cache-semantics": {
      "version": "4.1.0",
      "license": "BSD-2-Clause"
    },
    "node_modules/http2-wrapper": {
      "version": "1.0.3",
      "license": "MIT",
      "dependencies": {
        "quick-lru": "^5.1.1",
        "resolve-alpn": "^1.0.0"
      },
      "engines": {
        "node": ">=10.19.0"
      }
    },
    "node_modules/http2-wrapper/node_modules/quick-lru": {
      "version": "5.1.1",
      "license": "MIT",
      "engines": {
        "node": ">=10"
      },
      "funding": {
        "url": "https://github.com/sponsors/sindresorhus"
      }
    },
    "node_modules/jose": {
      "version": "2.0.5",
      "license": "MIT",
      "dependencies": {
        "@panva/asn1.js": "^1.0.0"
      },
      "engines": {
        "node": ">=10.13.0 < 13 || >=13.7.0"
      },
      "funding": {
        "url": "https://github.com/sponsors/panva"
      }
    },
    "node_modules/js-tokens": {
      "version": "4.0.0",
      "license": "MIT"
    },
    "node_modules/json-buffer": {
      "version": "3.0.1",
      "license": "MIT"
    },
    "node_modules/jsonwebtoken": {
      "version": "8.5.1",
      "license": "MIT",
      "dependencies": {
        "jws": "^3.2.2",
        "lodash.includes": "^4.3.0",
        "lodash.isboolean": "^3.0.3",
        "lodash.isinteger": "^4.0.4",
        "lodash.isnumber": "^3.0.3",
        "lodash.isplainobject": "^4.0.6",
        "lodash.isstring": "^4.0.1",
        "lodash.once": "^4.0.0",
        "ms": "^2.1.1",
        "semver": "^5.6.0"
      },
      "engines": {
        "node": ">=4",
        "npm": ">=1.4.28"
      }
    },
    "node_modules/jwa": {
      "version": "1.4.1",
      "license": "MIT",
      "dependencies": {
        "buffer-equal-constant-time": "1.0.1",
        "ecdsa-sig-formatter": "1.0.11",
        "safe-buffer": "^5.0.1"
      }
    },
    "node_modules/jwks-rsa": {
      "version": "2.1.1",
      "license": "MIT",
      "dependencies": {
        "@types/express": "^4.17.13",
        "debug": "^4.3.4",
        "jose": "^2.0.5",
        "limiter": "^1.1.5",
        "lru-memoizer": "^2.1.4"
      },
      "engines": {
        "node": ">=10 < 13 || >=14"
      }
    },
    "node_modules/jws": {
      "version": "3.2.2",
      "license": "MIT",
      "dependencies": {
        "jwa": "^1.4.1",
        "safe-buffer": "^5.0.1"
      }
    },
    "node_modules/keygrip": {
      "version": "1.1.0",
      "license": "MIT",
      "dependencies": {
        "tsscmp": "1.0.6"
      },
      "engines": {
        "node": ">= 0.6"
      }
    },
    "node_modules/keyv": {
      "version": "4.2.2",
      "license": "MIT",
      "dependencies": {
        "compress-brotli": "^1.3.6",
        "json-buffer": "3.0.1"
      }
    },
    "node_modules/limiter": {
      "version": "1.1.5"
    },
    "node_modules/lodash.clonedeep": {
      "version": "4.5.0",
      "license": "MIT"
    },
    "node_modules/lodash.includes": {
      "version": "4.3.0",
      "license": "MIT"
    },
    "node_modules/lodash.isboolean": {
      "version": "3.0.3",
      "license": "MIT"
    },
    "node_modules/lodash.isinteger": {
      "version": "4.0.4",
      "license": "MIT"
    },
    "node_modules/lodash.isnumber": {
      "version": "3.0.3",
      "license": "MIT"
    },
    "node_modules/lodash.isplainobject": {
      "version": "4.0.6",
      "license": "MIT"
    },
    "node_modules/lodash.isstring": {
      "version": "4.0.1",
      "license": "MIT"
    },
    "node_modules/lodash.once": {
      "version": "4.1.1",
      "license": "MIT"
    },
    "node_modules/loose-envify": {
      "version": "1.4.0",
      "license": "MIT",
      "dependencies": {
        "js-tokens": "^3.0.0 || ^4.0.0"
      },
      "bin": {
        "loose-envify": "cli.js"
      }
    },
    "node_modules/lower-case": {
      "version": "2.0.2",
      "license": "MIT",
      "dependencies": {
        "tslib": "^2.0.3"
      }
    },
    "node_modules/lowercase-keys": {
      "version": "2.0.0",
      "license": "MIT",
      "engines": {
        "node": ">=8"
      }
    },
    "node_modules/lru-cache": {
      "version": "4.0.2",
      "license": "ISC",
      "dependencies": {
        "pseudomap": "^1.0.1",
        "yallist": "^2.0.0"
      }
    },
    "node_modules/lru-memoizer": {
      "version": "2.1.4",
      "license": "MIT",
      "dependencies": {
        "lodash.clonedeep": "^4.5.0",
        "lru-cache": "~4.0.0"
      }
    },
    "node_modules/map-obj": {
      "version": "4.3.0",
      "license": "MIT",
      "engines": {
        "node": ">=8"
      },
      "funding": {
        "url": "https://github.com/sponsors/sindresorhus"
      }
    },
    "node_modules/mimic-response": {
      "version": "1.0.1",
      "license": "MIT",
      "engines": {
        "node": ">=4"
      }
    },
    "node_modules/ms": {
      "version": "2.1.3",
      "license": "MIT"
    },
    "node_modules/nanoid": {
      "version": "3.3.2",
      "license": "MIT",
      "bin": {
        "nanoid": "bin/nanoid.cjs"
      },
      "engines": {
        "node": "^10 || ^12 || ^13.7 || ^14 || >=15.0.1"
      }
    },
    "node_modules/next": {
      "version": "12.1.2",
      "license": "MIT",
      "dependencies": {
        "@next/env": "12.1.2",
        "caniuse-lite": "^1.0.30001283",
        "postcss": "8.4.5",
        "styled-jsx": "5.0.1",
        "use-subscription": "1.5.1"
      },
      "bin": {
        "next": "dist/bin/next"
      },
      "engines": {
        "node": ">=12.22.0"
      },
      "optionalDependencies": {
        "@next/swc-android-arm-eabi": "12.1.2",
        "@next/swc-android-arm64": "12.1.2",
        "@next/swc-darwin-arm64": "12.1.2",
        "@next/swc-darwin-x64": "12.1.2",
        "@next/swc-linux-arm-gnueabihf": "12.1.2",
        "@next/swc-linux-arm64-gnu": "12.1.2",
        "@next/swc-linux-arm64-musl": "12.1.2",
        "@next/swc-linux-x64-gnu": "12.1.2",
        "@next/swc-linux-x64-musl": "12.1.2",
        "@next/swc-win32-arm64-msvc": "12.1.2",
        "@next/swc-win32-ia32-msvc": "12.1.2",
        "@next/swc-win32-x64-msvc": "12.1.2"
      },
      "peerDependencies": {
        "fibers": ">= 3.1.0",
        "node-sass": "^6.0.0 || ^7.0.0",
        "react": "^17.0.2 || ^18.0.0-0",
        "react-dom": "^17.0.2 || ^18.0.0-0",
        "sass": "^1.3.0"
      },
      "peerDependenciesMeta": {
        "fibers": {
          "optional": true
        },
        "node-sass": {
          "optional": true
        },
        "sass": {
          "optional": true
        }
      }
    },
    "node_modules/no-case": {
      "version": "3.0.4",
      "license": "MIT",
      "dependencies": {
        "lower-case": "^2.0.2",
        "tslib": "^2.0.3"
      }
    },
    "node_modules/normalize-url": {
      "version": "6.1.0",
      "license": "MIT",
      "engines": {
        "node": ">=10"
      },
      "funding": {
        "url": "https://github.com/sponsors/sindresorhus"
      }
    },
    "node_modules/object-assign": {
      "version": "4.1.1",
      "license": "MIT",
      "engines": {
        "node": ">=0.10.0"
      }
    },
    "node_modules/once": {
      "version": "1.4.0",
      "license": "ISC",
      "dependencies": {
        "wrappy": "1"
      }
    },
    "node_modules/p-cancelable": {
      "version": "2.1.1",
      "license": "MIT",
      "engines": {
        "node": ">=8"
      }
    },
    "node_modules/picocolors": {
      "version": "1.0.0",
      "license": "ISC"
    },
    "node_modules/postcss": {
      "version": "8.4.5",
      "license": "MIT",
      "dependencies": {
        "nanoid": "^3.1.30",
        "picocolors": "^1.0.0",
        "source-map-js": "^1.0.1"
      },
      "engines": {
        "node": "^10 || ^12 || >=14"
      },
      "funding": {
        "type": "opencollective",
        "url": "https://opencollective.com/postcss/"
      }
    },
    "node_modules/prettier": {
      "version": "2.6.1",
      "dev": true,
      "license": "MIT",
      "bin": {
        "prettier": "bin-prettier.js"
      },
      "engines": {
        "node": ">=10.13.0"
      },
      "funding": {
        "url": "https://github.com/prettier/prettier?sponsor=1"
      }
    },
    "node_modules/pseudomap": {
      "version": "1.0.2",
      "license": "ISC"
    },
    "node_modules/pump": {
      "version": "3.0.0",
      "license": "MIT",
      "dependencies": {
        "end-of-stream": "^1.1.0",
        "once": "^1.3.1"
      }
    },
    "node_modules/pvtsutils": {
      "version": "1.3.2",
      "license": "MIT",
      "dependencies": {
        "tslib": "^2.4.0"
      }
    },
    "node_modules/pvutils": {
      "version": "1.1.3",
      "license": "MIT",
      "engines": {
        "node": ">=6.0.0"
      }
    },
    "node_modules/query-string": {
      "version": "7.1.1",
      "license": "MIT",
      "dependencies": {
        "decode-uri-component": "^0.2.0",
        "filter-obj": "^1.1.0",
        "split-on-first": "^1.0.0",
        "strict-uri-encode": "^2.0.0"
      },
      "engines": {
        "node": ">=6"
      },
      "funding": {
        "url": "https://github.com/sponsors/sindresorhus"
      }
    },
    "node_modules/quick-lru": {
      "version": "4.0.1",
      "license": "MIT",
      "engines": {
        "node": ">=8"
      }
    },
    "node_modules/react": {
      "version": "17.0.2",
      "license": "MIT",
      "dependencies": {
        "loose-envify": "^1.1.0",
        "object-assign": "^4.1.1"
      },
      "engines": {
        "node": ">=0.10.0"
      }
    },
    "node_modules/react-dom": {
      "version": "17.0.2",
      "license": "MIT",
      "dependencies": {
        "loose-envify": "^1.1.0",
        "object-assign": "^4.1.1",
        "scheduler": "^0.20.2"
      },
      "peerDependencies": {
        "react": "17.0.2"
      }
    },
    "node_modules/resolve-alpn": {
      "version": "1.2.1",
      "license": "MIT"
    },
    "node_modules/responselike": {
      "version": "2.0.0",
      "license": "MIT",
      "dependencies": {
        "lowercase-keys": "^2.0.0"
      }
    },
    "node_modules/safe-buffer": {
      "version": "5.2.1",
      "funding": [
        {
          "type": "github",
          "url": "https://github.com/sponsors/feross"
        },
        {
          "type": "patreon",
          "url": "https://www.patreon.com/feross"
        },
        {
          "type": "consulting",
          "url": "https://feross.org/support"
        }
      ],
      "license": "MIT"
    },
    "node_modules/scheduler": {
      "version": "0.20.2",
      "license": "MIT",
      "dependencies": {
        "loose-envify": "^1.1.0",
        "object-assign": "^4.1.1"
      }
    },
    "node_modules/semver": {
      "version": "5.7.1",
      "license": "ISC",
      "bin": {
        "semver": "bin/semver"
      }
    },
    "node_modules/snake-case": {
      "version": "3.0.4",
      "license": "MIT",
      "dependencies": {
        "dot-case": "^3.0.4",
        "tslib": "^2.0.3"
      }
    },
    "node_modules/snakecase-keys": {
      "version": "3.2.1",
      "license": "MIT",
      "dependencies": {
        "map-obj": "^4.1.0",
        "to-snake-case": "^1.0.0"
      },
      "engines": {
        "node": ">=8"
      }
    },
    "node_modules/source-map-js": {
      "version": "1.0.2",
      "license": "BSD-3-Clause",
      "engines": {
        "node": ">=0.10.0"
      }
    },
    "node_modules/split-on-first": {
      "version": "1.1.0",
      "license": "MIT",
      "engines": {
        "node": ">=6"
      }
    },
    "node_modules/strict-uri-encode": {
      "version": "2.0.0",
      "license": "MIT",
      "engines": {
        "node": ">=4"
      }
    },
    "node_modules/styled-jsx": {
      "version": "5.0.1",
      "license": "MIT",
      "engines": {
        "node": ">= 12.0.0"
      },
      "peerDependencies": {
        "react": ">= 16.8.0 || 17.x.x || ^18.0.0-0"
      },
      "peerDependenciesMeta": {
        "@babel/core": {
          "optional": true
        },
        "babel-plugin-macros": {
          "optional": true
        }
      }
    },
    "node_modules/to-no-case": {
      "version": "1.0.2",
      "license": "MIT"
    },
    "node_modules/to-snake-case": {
      "version": "1.0.0",
      "license": "MIT",
      "dependencies": {
        "to-space-case": "^1.0.0"
      }
    },
    "node_modules/to-space-case": {
      "version": "1.0.0",
      "license": "MIT",
      "dependencies": {
        "to-no-case": "^1.0.0"
      }
    },
    "node_modules/tslib": {
      "version": "2.4.0",
      "license": "0BSD"
    },
    "node_modules/tsscmp": {
      "version": "1.0.6",
      "license": "MIT",
      "engines": {
        "node": ">=0.6.x"
      }
    },
    "node_modules/type-fest": {
      "version": "1.4.0",
      "license": "(MIT OR CC0-1.0)",
      "engines": {
        "node": ">=10"
      },
      "funding": {
        "url": "https://github.com/sponsors/sindresorhus"
      }
    },
    "node_modules/typescript": {
      "version": "4.6.3",
      "dev": true,
      "license": "Apache-2.0",
      "bin": {
        "tsc": "bin/tsc",
        "tsserver": "bin/tsserver"
      },
      "engines": {
        "node": ">=4.2.0"
      }
    },
    "node_modules/use-subscription": {
      "version": "1.5.1",
      "license": "MIT",
      "dependencies": {
        "object-assign": "^4.1.1"
      },
      "peerDependencies": {
        "react": "^16.8.0 || ^17.0.0"
      }
    },
    "node_modules/webcrypto-core": {
      "version": "1.7.3",
      "license": "MIT",
      "dependencies": {
        "@peculiar/asn1-schema": "^2.1.0",
        "@peculiar/json-schema": "^1.1.12",
        "asn1js": "^2.3.2",
        "pvtsutils": "^1.2.2",
        "tslib": "^2.3.1"
      }
    },
    "node_modules/wrappy": {
      "version": "1.0.2",
      "license": "ISC"
    },
    "node_modules/yallist": {
      "version": "2.1.2",
      "license": "ISC"
    }
  },
  "dependencies": {
    "@clerk/backend-core": {
      "version": "1.6.0",
      "requires": {
        "@clerk/types": "^2.10.0",
        "camelcase-keys": "^7.0.1",
        "query-string": "^7.0.1",
        "snakecase-keys": "^5.1.2",
        "tslib": "^2.3.1"
      },
      "dependencies": {
        "camelcase": {
          "version": "6.3.0"
        },
        "camelcase-keys": {
          "version": "7.0.2",
          "requires": {
            "camelcase": "^6.3.0",
            "map-obj": "^4.1.0",
            "quick-lru": "^5.1.1",
            "type-fest": "^1.2.1"
          }
        },
        "quick-lru": {
          "version": "5.1.1"
        },
        "snakecase-keys": {
          "version": "5.4.1",
          "requires": {
            "map-obj": "^4.1.0",
            "snake-case": "^3.0.4",
            "type-fest": "^2.5.2"
          },
          "dependencies": {
            "type-fest": {
              "version": "2.12.2"
            }
          }
        }
      }
    },
    "@clerk/clerk-react": {
      "version": "3.2.13",
      "requires": {
        "@clerk/types": "^2.10.0",
        "tslib": "^2.3.1"
      }
    },
    "@clerk/clerk-sdk-node": {
      "version": "3.4.0",
      "requires": {
        "@clerk/backend-core": "^1.6.0",
        "@clerk/types": "^2.10.0",
        "@peculiar/webcrypto": "^1.2.3",
        "camelcase-keys": "^6.2.2",
        "cookies": "^0.8.0",
        "deepmerge": "^4.2.2",
        "got": "^11.8.2",
        "jsonwebtoken": "^8.5.1",
        "jwks-rsa": "^2.0.4",
        "snakecase-keys": "^3.2.1",
        "tslib": "^2.3.1"
      }
    },
    "@clerk/edge": {
      "version": "1.4.0",
      "requires": {
        "@clerk/backend-core": "^1.6.0",
        "@peculiar/webcrypto": "^1.2.3",
        "next": "^12.0.7"
      }
    },
    "@clerk/nextjs": {
      "version": "3.6.0",
      "requires": {
        "@clerk/clerk-react": "^3.2.13",
        "@clerk/clerk-sdk-node": "^3.4.0",
        "@clerk/edge": "^1.4.0",
        "@clerk/types": "^2.10.0",
        "tslib": "^2.3.1"
      }
    },
    "@clerk/types": {
      "version": "2.10.0"
    },
    "@next/env": {
      "version": "12.1.2"
    },
    "@next/swc-win32-x64-msvc": {
      "version": "12.1.2",
      "optional": true
    },
    "@panva/asn1.js": {
      "version": "1.0.0"
    },
    "@peculiar/asn1-schema": {
      "version": "2.1.0",
      "requires": {
        "@types/asn1js": "^2.0.2",
        "asn1js": "^2.3.1",
        "pvtsutils": "^1.2.1",
        "tslib": "^2.3.1"
      }
    },
    "@peculiar/json-schema": {
      "version": "1.1.12",
      "requires": {
        "tslib": "^2.0.0"
      }
    },
    "@peculiar/webcrypto": {
      "version": "1.3.3",
      "requires": {
        "@peculiar/asn1-schema": "^2.1.0",
        "@peculiar/json-schema": "^1.1.12",
        "pvtsutils": "^1.2.2",
        "tslib": "^2.3.1",
        "webcrypto-core": "^1.7.2"
      }
    },
    "@sindresorhus/is": {
      "version": "4.6.0"
    },
    "@szmarczak/http-timer": {
      "version": "4.0.6",
      "requires": {
        "defer-to-connect": "^2.0.0"
      }
    },
    "@types/asn1js": {
      "version": "2.0.2"
    },
    "@types/body-parser": {
      "version": "1.19.2",
      "requires": {
        "@types/connect": "*",
        "@types/node": "*"
      }
    },
    "@types/cacheable-request": {
      "version": "6.0.2",
      "requires": {
        "@types/http-cache-semantics": "*",
        "@types/keyv": "*",
        "@types/node": "*",
        "@types/responselike": "*"
      }
    },
    "@types/connect": {
      "version": "3.4.35",
      "requires": {
        "@types/node": "*"
      }
    },
    "@types/express": {
      "version": "4.17.13",
      "requires": {
        "@types/body-parser": "*",
        "@types/express-serve-static-core": "^4.17.18",
        "@types/qs": "*",
        "@types/serve-static": "*"
      }
    },
    "@types/express-serve-static-core": {
      "version": "4.17.28",
      "requires": {
        "@types/node": "*",
        "@types/qs": "*",
        "@types/range-parser": "*"
      }
    },
    "@types/http-cache-semantics": {
      "version": "4.0.1"
    },
    "@types/json-buffer": {
      "version": "3.0.0"
    },
    "@types/keyv": {
      "version": "3.1.4",
      "requires": {
        "@types/node": "*"
      }
    },
    "@types/mime": {
      "version": "1.3.2"
    },
    "@types/node": {
      "version": "17.0.31"
    },
    "@types/prop-types": {
      "version": "15.7.4",
      "dev": true
    },
    "@types/qs": {
      "version": "6.9.7"
    },
    "@types/range-parser": {
      "version": "1.2.4"
    },
    "@types/react": {
      "version": "17.0.43",
      "dev": true,
      "requires": {
        "@types/prop-types": "*",
        "@types/scheduler": "*",
        "csstype": "^3.0.2"
      }
    },
    "@types/responselike": {
      "version": "1.0.0",
      "requires": {
        "@types/node": "*"
      }
    },
    "@types/scheduler": {
      "version": "0.16.2",
      "dev": true
    },
    "@types/serve-static": {
      "version": "1.13.10",
      "requires": {
        "@types/mime": "^1",
        "@types/node": "*"
      }
    },
    "asn1js": {
      "version": "2.4.0",
      "requires": {
        "pvutils": "^1.1.3"
      }
    },
    "buffer-equal-constant-time": {
      "version": "1.0.1"
    },
    "cacheable-lookup": {
      "version": "5.0.4"
    },
    "cacheable-request": {
      "version": "7.0.2",
      "requires": {
        "clone-response": "^1.0.2",
        "get-stream": "^5.1.0",
        "http-cache-semantics": "^4.0.0",
        "keyv": "^4.0.0",
        "lowercase-keys": "^2.0.0",
        "normalize-url": "^6.0.1",
        "responselike": "^2.0.0"
      }
    },
    "camelcase": {
      "version": "5.3.1"
    },
    "camelcase-keys": {
      "version": "6.2.2",
      "requires": {
        "camelcase": "^5.3.1",
        "map-obj": "^4.0.0",
        "quick-lru": "^4.0.1"
      }
    },
    "caniuse-lite": {
      "version": "1.0.30001322"
    },
    "clone-response": {
      "version": "1.0.2",
      "requires": {
        "mimic-response": "^1.0.0"
      }
    },
    "compress-brotli": {
      "version": "1.3.8",
      "requires": {
        "@types/json-buffer": "~3.0.0",
        "json-buffer": "~3.0.1"
      }
    },
    "cookies": {
      "version": "0.8.0",
      "requires": {
        "depd": "~2.0.0",
        "keygrip": "~1.1.0"
      }
    },
    "csstype": {
      "version": "3.0.11",
      "dev": true
    },
    "debug": {
      "version": "4.3.4",
      "requires": {
        "ms": "2.1.2"
      },
      "dependencies": {
        "ms": {
          "version": "2.1.2"
        }
      }
    },
    "decode-uri-component": {
      "version": "0.2.0"
    },
    "decompress-response": {
      "version": "6.0.0",
      "requires": {
        "mimic-response": "^3.1.0"
      },
      "dependencies": {
        "mimic-response": {
          "version": "3.1.0"
        }
      }
    },
    "deepmerge": {
      "version": "4.2.2"
    },
    "defer-to-connect": {
      "version": "2.0.1"
    },
    "depd": {
      "version": "2.0.0"
    },
    "dot-case": {
      "version": "3.0.4",
      "requires": {
        "no-case": "^3.0.4",
        "tslib": "^2.0.3"
      }
    },
    "ecdsa-sig-formatter": {
      "version": "1.0.11",
      "requires": {
        "safe-buffer": "^5.0.1"
      }
    },
    "end-of-stream": {
      "version": "1.4.4",
      "requires": {
        "once": "^1.4.0"
      }
    },
    "filter-obj": {
      "version": "1.1.0"
    },
    "get-stream": {
      "version": "5.2.0",
      "requires": {
        "pump": "^3.0.0"
      }
    },
    "got": {
      "version": "11.8.3",
      "requires": {
        "@sindresorhus/is": "^4.0.0",
        "@szmarczak/http-timer": "^4.0.5",
        "@types/cacheable-request": "^6.0.1",
        "@types/responselike": "^1.0.0",
        "cacheable-lookup": "^5.0.3",
        "cacheable-request": "^7.0.2",
        "decompress-response": "^6.0.0",
        "http2-wrapper": "^1.0.0-beta.5.2",
        "lowercase-keys": "^2.0.0",
        "p-cancelable": "^2.0.0",
        "responselike": "^2.0.0"
      }
    },
    "http-cache-semantics": {
      "version": "4.1.0"
    },
    "http2-wrapper": {
      "version": "1.0.3",
      "requires": {
        "quick-lru": "^5.1.1",
        "resolve-alpn": "^1.0.0"
      },
      "dependencies": {
        "quick-lru": {
          "version": "5.1.1"
        }
      }
    },
    "jose": {
      "version": "2.0.5",
      "requires": {
        "@panva/asn1.js": "^1.0.0"
      }
    },
    "js-tokens": {
      "version": "4.0.0"
    },
    "json-buffer": {
      "version": "3.0.1"
    },
    "jsonwebtoken": {
      "version": "8.5.1",
      "requires": {
        "jws": "^3.2.2",
        "lodash.includes": "^4.3.0",
        "lodash.isboolean": "^3.0.3",
        "lodash.isinteger": "^4.0.4",
        "lodash.isnumber": "^3.0.3",
        "lodash.isplainobject": "^4.0.6",
        "lodash.isstring": "^4.0.1",
        "lodash.once": "^4.0.0",
        "ms": "^2.1.1",
        "semver": "^5.6.0"
      }
    },
    "jwa": {
      "version": "1.4.1",
      "requires": {
        "buffer-equal-constant-time": "1.0.1",
        "ecdsa-sig-formatter": "1.0.11",
        "safe-buffer": "^5.0.1"
      }
    },
    "jwks-rsa": {
      "version": "2.1.1",
      "requires": {
        "@types/express": "^4.17.13",
        "debug": "^4.3.4",
        "jose": "^2.0.5",
        "limiter": "^1.1.5",
        "lru-memoizer": "^2.1.4"
      }
    },
    "jws": {
      "version": "3.2.2",
      "requires": {
        "jwa": "^1.4.1",
        "safe-buffer": "^5.0.1"
      }
    },
    "keygrip": {
      "version": "1.1.0",
      "requires": {
        "tsscmp": "1.0.6"
      }
    },
    "keyv": {
      "version": "4.2.2",
      "requires": {
        "compress-brotli": "^1.3.6",
        "json-buffer": "3.0.1"
      }
    },
    "limiter": {
      "version": "1.1.5"
    },
    "lodash.clonedeep": {
      "version": "4.5.0"
    },
    "lodash.includes": {
      "version": "4.3.0"
    },
    "lodash.isboolean": {
      "version": "3.0.3"
    },
    "lodash.isinteger": {
      "version": "4.0.4"
    },
    "lodash.isnumber": {
      "version": "3.0.3"
    },
    "lodash.isplainobject": {
      "version": "4.0.6"
    },
    "lodash.isstring": {
      "version": "4.0.1"
    },
    "lodash.once": {
      "version": "4.1.1"
    },
    "loose-envify": {
      "version": "1.4.0",
      "requires": {
        "js-tokens": "^3.0.0 || ^4.0.0"
      }
    },
    "lower-case": {
      "version": "2.0.2",
      "requires": {
        "tslib": "^2.0.3"
      }
    },
    "lowercase-keys": {
      "version": "2.0.0"
    },
    "lru-cache": {
      "version": "4.0.2",
      "requires": {
        "pseudomap": "^1.0.1",
        "yallist": "^2.0.0"
      }
    },
    "lru-memoizer": {
      "version": "2.1.4",
      "requires": {
        "lodash.clonedeep": "^4.5.0",
        "lru-cache": "~4.0.0"
      }
    },
    "map-obj": {
      "version": "4.3.0"
    },
    "mimic-response": {
      "version": "1.0.1"
    },
    "ms": {
      "version": "2.1.3"
    },
    "nanoid": {
      "version": "3.3.2"
    },
    "next": {
      "version": "12.1.2",
      "requires": {
        "@next/env": "12.1.2",
        "@next/swc-android-arm-eabi": "12.1.2",
        "@next/swc-android-arm64": "12.1.2",
        "@next/swc-darwin-arm64": "12.1.2",
        "@next/swc-darwin-x64": "12.1.2",
        "@next/swc-linux-arm-gnueabihf": "12.1.2",
        "@next/swc-linux-arm64-gnu": "12.1.2",
        "@next/swc-linux-arm64-musl": "12.1.2",
        "@next/swc-linux-x64-gnu": "12.1.2",
        "@next/swc-linux-x64-musl": "12.1.2",
        "@next/swc-win32-arm64-msvc": "12.1.2",
        "@next/swc-win32-ia32-msvc": "12.1.2",
        "@next/swc-win32-x64-msvc": "12.1.2",
        "caniuse-lite": "^1.0.30001283",
        "postcss": "8.4.5",
        "styled-jsx": "5.0.1",
        "use-subscription": "1.5.1"
      }
    },
    "no-case": {
      "version": "3.0.4",
      "requires": {
        "lower-case": "^2.0.2",
        "tslib": "^2.0.3"
      }
    },
    "normalize-url": {
      "version": "6.1.0"
    },
    "object-assign": {
      "version": "4.1.1"
    },
    "once": {
      "version": "1.4.0",
      "requires": {
        "wrappy": "1"
      }
    },
    "p-cancelable": {
      "version": "2.1.1"
    },
    "picocolors": {
      "version": "1.0.0"
    },
    "postcss": {
      "version": "8.4.5",
      "requires": {
        "nanoid": "^3.1.30",
        "picocolors": "^1.0.0",
        "source-map-js": "^1.0.1"
      }
    },
    "prettier": {
      "version": "2.6.1",
      "dev": true
    },
    "pseudomap": {
      "version": "1.0.2"
    },
    "pump": {
      "version": "3.0.0",
      "requires": {
        "end-of-stream": "^1.1.0",
        "once": "^1.3.1"
      }
    },
    "pvtsutils": {
      "version": "1.3.2",
      "requires": {
        "tslib": "^2.4.0"
      }
    },
    "pvutils": {
      "version": "1.1.3"
    },
    "query-string": {
      "version": "7.1.1",
      "requires": {
        "decode-uri-component": "^0.2.0",
        "filter-obj": "^1.1.0",
        "split-on-first": "^1.0.0",
        "strict-uri-encode": "^2.0.0"
      }
    },
    "quick-lru": {
      "version": "4.0.1"
    },
    "react": {
      "version": "17.0.2",
      "requires": {
        "loose-envify": "^1.1.0",
        "object-assign": "^4.1.1"
      }
    },
    "react-dom": {
      "version": "17.0.2",
      "requires": {
        "loose-envify": "^1.1.0",
        "object-assign": "^4.1.1",
        "scheduler": "^0.20.2"
      }
    },
    "resolve-alpn": {
      "version": "1.2.1"
    },
    "responselike": {
      "version": "2.0.0",
      "requires": {
        "lowercase-keys": "^2.0.0"
      }
    },
    "safe-buffer": {
      "version": "5.2.1"
    },
    "scheduler": {
      "version": "0.20.2",
      "requires": {
        "loose-envify": "^1.1.0",
        "object-assign": "^4.1.1"
      }
    },
    "semver": {
      "version": "5.7.1"
    },
    "snake-case": {
      "version": "3.0.4",
      "requires": {
        "dot-case": "^3.0.4",
        "tslib": "^2.0.3"
      }
    },
    "snakecase-keys": {
      "version": "3.2.1",
      "requires": {
        "map-obj": "^4.1.0",
        "to-snake-case": "^1.0.0"
      }
    },
    "source-map-js": {
      "version": "1.0.2"
    },
    "split-on-first": {
      "version": "1.1.0"
    },
    "strict-uri-encode": {
      "version": "2.0.0"
    },
    "styled-jsx": {
      "version": "5.0.1",
      "requires": {}
    },
    "to-no-case": {
      "version": "1.0.2"
    },
    "to-snake-case": {
      "version": "1.0.0",
      "requires": {
        "to-space-case": "^1.0.0"
      }
    },
    "to-space-case": {
      "version": "1.0.0",
      "requires": {
        "to-no-case": "^1.0.0"
      }
    },
    "tslib": {
      "version": "2.4.0"
    },
    "tsscmp": {
      "version": "1.0.6"
    },
    "type-fest": {
      "version": "1.4.0"
    },
    "typescript": {
      "version": "4.6.3",
      "dev": true
    },
    "use-subscription": {
      "version": "1.5.1",
      "requires": {
        "object-assign": "^4.1.1"
      }
    },
    "webcrypto-core": {
      "version": "1.7.3",
      "requires": {
        "@peculiar/asn1-schema": "^2.1.0",
        "@peculiar/json-schema": "^1.1.12",
        "asn1js": "^2.3.2",
        "pvtsutils": "^1.2.2",
        "tslib": "^2.3.1"
      }
    },
    "wrappy": {
      "version": "1.0.2"
    },
    "yallist": {
      "version": "2.1.2"
    }
  }
}
